
Microsoft Visual Studio Solution File, Format Version 12.00
# Visual Studio 2012
Project("{FAE04EC0-301F-11D3-BF4B-00C04F79EFBC}") = "AvocaBin", "AvocaBin\AvocaBin.csproj", "{5CDA6B69-17AA-4587-8CD7-DFC50035955C}"
EndProject
Global
	GlobalSection(TeamFoundationVersionControl) = preSolution
		SccNumberOfProjects = 2
		SccEnterpriseProvider = {4CA58AB2-18FA-4F8D-95D4-32DDF27D184C}
		SccTeamFoundationServer = https://ahmedouberka.visualstudio.com/
		SccLocalPath0 = .
		SccProjectUniqueName1 = AvocaBin\\AvocaBin.csproj
		SccProjectName1 = AvocaBin
		SccLocalPath1 = AvocaBin
	EndGlobalSection
	GlobalSection(SolutionConfigurationPlatforms) = preSolution
		Debug|Any CPU = Debug|Any CPU
		Release|Any CPU = Release|Any CPU
	EndGlobalSection
	GlobalSection(ProjectConfigurationPlatforms) = postSolution
		{5CDA6B69-17AA-4587-8CD7-DFC50035955C}.Debug|Any CPU.ActiveCfg = Debug|Any CPU
		{5CDA6B69-17AA-4587-8CD7-DFC50035955C}.Debug|Any CPU.Build.0 = Debug|Any CPU
		{5CDA6B69-17AA-4587-8CD7-DFC50035955C}.Release|Any CPU.ActiveCfg = Release|Any CPU
		{5CDA6B69-17AA-4587-8CD7-DFC50035955C}.Release|Any CPU.Build.0 = Release|Any CPU
	EndGlobalSection
	GlobalSection(SolutionProperties) = preSolution
		HideSolutionNode = FALSE
	EndGlobalSection
EndGlobal
